
Microsoft Visual Studio Solution File, Format Version 12.00
# Visual Studio Version 17
VisualStudioVersion = 17.7.34024.191
MinimumVisualStudioVersion = 10.0.40219.1
Project("{9A19103F-16F7-4668-BE54-9A1E7A4F7556}") = "ShepoorChi", "ShepoorChi\ShepoorChi.csproj", "{6A9B4BC0-92ED-4221-A0A3-C686CF909816}"
EndProject
Project("{FAE04EC0-301F-11D3-BF4B-00C04F79EFBC}") = "SheypoorChi.DataLayer", "SheypoorChi.DataLayer\SheypoorChi.DataLayer.csproj", "{27CE8F45-DA05-4715-9751-A0B3D2C0ED33}"
EndProject
Global
	GlobalSection(SolutionConfigurationPlatforms) = preSolution
		Debug|Any CPU = Debug|Any CPU
		Release|Any CPU = Release|Any CPU
	EndGlobalSection
	GlobalSection(ProjectConfigurationPlatforms) = postSolution
		{6A9B4BC0-92ED-4221-A0A3-C686CF909816}.Debug|Any CPU.ActiveCfg = Debug|Any CPU
		{6A9B4BC0-92ED-4221-A0A3-C686CF909816}.Debug|Any CPU.Build.0 = Debug|Any CPU
		{6A9B4BC0-92ED-4221-A0A3-C686CF909816}.Release|Any CPU.ActiveCfg = Release|Any CPU
		{6A9B4BC0-92ED-4221-A0A3-C686CF909816}.Release|Any CPU.Build.0 = Release|Any CPU
		{27CE8F45-DA05-4715-9751-A0B3D2C0ED33}.Debug|Any CPU.ActiveCfg = Debug|Any CPU
		{27CE8F45-DA05-4715-9751-A0B3D2C0ED33}.Debug|Any CPU.Build.0 = Debug|Any CPU
		{27CE8F45-DA05-4715-9751-A0B3D2C0ED33}.Release|Any CPU.ActiveCfg = Release|Any CPU
		{27CE8F45-DA05-4715-9751-A0B3D2C0ED33}.Release|Any CPU.Build.0 = Release|Any CPU
	EndGlobalSection
	GlobalSection(SolutionProperties) = preSolution
		HideSolutionNode = FALSE
	EndGlobalSection
	GlobalSection(ExtensibilityGlobals) = postSolution
		SolutionGuid = {1C1722D3-3651-4F35-BAD5-F5F136ED5867}
	EndGlobalSection
EndGlobal
